// !$*UTF8*$!
{
	archiveVersion = 1;
	classes = {
	};
	objectVersion = 55;
	objects = {

/* Begin PBXBuildFile section */
		411F6504275D9AF2002AFF9F /* AppDelegate.swift in Sources */ = {isa = PBXBuildFile; fileRef = 411F6503275D9AF2002AFF9F /* AppDelegate.swift */; };
		411F6506275D9AF2002AFF9F /* SceneDelegate.swift in Sources */ = {isa = PBXBuildFile; fileRef = 411F6505275D9AF2002AFF9F /* SceneDelegate.swift */; };
		411F6508275D9AF2002AFF9F /* CommunityTap.swift in Sources */ = {isa = PBXBuildFile; fileRef = 411F6507275D9AF2002AFF9F /* CommunityTap.swift */; };
		411F650B275D9AF2002AFF9F /* Main.storyboard in Resources */ = {isa = PBXBuildFile; fileRef = 411F6509275D9AF2002AFF9F /* Main.storyboard */; };
		411F650D275D9AF4002AFF9F /* Assets.xcassets in Resources */ = {isa = PBXBuildFile; fileRef = 411F650C275D9AF4002AFF9F /* Assets.xcassets */; };
		411F6510275D9AF4002AFF9F /* LaunchScreen.storyboard in Resources */ = {isa = PBXBuildFile; fileRef = 411F650E275D9AF4002AFF9F /* LaunchScreen.storyboard */; };
		411F6518275D9B20002AFF9F /* HotBoard.swift in Sources */ = {isa = PBXBuildFile; fileRef = 411F6517275D9B20002AFF9F /* HotBoard.swift */; };
		411F651A275D9B2C002AFF9F /* FreeBoard.swift in Sources */ = {isa = PBXBuildFile; fileRef = 411F6519275D9B2C002AFF9F /* FreeBoard.swift */; };
		4126EFBD27F878E00027654F /* WritingPage.swift in Sources */ = {isa = PBXBuildFile; fileRef = 4126EFBC27F878E00027654F /* WritingPage.swift */; };
		4126EFBF27F8B0DC0027654F /* UIextension.swift in Sources */ = {isa = PBXBuildFile; fileRef = 4126EFBE27F8B0DC0027654F /* UIextension.swift */; };
		4126EFC127F944B30027654F /* BoardTabelCell.swift in Sources */ = {isa = PBXBuildFile; fileRef = 4126EFC027F944B30027654F /* BoardTabelCell.swift */; };
		4126EFCA27F9B7510027654F /* BoardDetailView.swift in Sources */ = {isa = PBXBuildFile; fileRef = 4126EFC927F9B7510027654F /* BoardDetailView.swift */; };
		4126EFCF27FB48CC0027654F /* CommentCell.swift in Sources */ = {isa = PBXBuildFile; fileRef = 4126EFCE27FB48CC0027654F /* CommentCell.swift */; };
		414E4E6C27B2C3C500919829 /* FourthTapCell.swift in Sources */ = {isa = PBXBuildFile; fileRef = 414E4E6B27B2C3C500919829 /* FourthTapCell.swift */; };
		414E4E6E27B2C78000919829 /* ChatPage.swift in Sources */ = {isa = PBXBuildFile; fileRef = 414E4E6D27B2C78000919829 /* ChatPage.swift */; };
		414E4E7127B64C6800919829 /* ExchageCell.swift in Sources */ = {isa = PBXBuildFile; fileRef = 414E4E7027B64C6800919829 /* ExchageCell.swift */; };
		415B62C6275DE78B004A9632 /* HumorBoard.swift in Sources */ = {isa = PBXBuildFile; fileRef = 415B62C5275DE78B004A9632 /* HumorBoard.swift */; };
		41714AA22839170D00E995CA /* EditProfilePage.swift in Sources */ = {isa = PBXBuildFile; fileRef = 41714AA12839170D00E995CA /* EditProfilePage.swift */; };
		4194E21727B6A94D000193C8 /* HotBoardDetailCell.swift in Sources */ = {isa = PBXBuildFile; fileRef = 4194E21627B6A94D000193C8 /* HotBoardDetailCell.swift */; };
		4194E21A27B6B28F000193C8 /* HumorDetailCell.swift in Sources */ = {isa = PBXBuildFile; fileRef = 4194E21927B6B28F000193C8 /* HumorDetailCell.swift */; };
		4194E21F27B6B5ED000193C8 /* QADetailCell.swift in Sources */ = {isa = PBXBuildFile; fileRef = 4194E21E27B6B5ED000193C8 /* QADetailCell.swift */; };
		4194E22427B6B744000193C8 /* ChartDetailCell.swift in Sources */ = {isa = PBXBuildFile; fileRef = 4194E22327B6B744000193C8 /* ChartDetailCell.swift */; };
		4194E22B27CE42C2000193C8 /* Config.swift in Sources */ = {isa = PBXBuildFile; fileRef = 4194E22A27CE42C2000193C8 /* Config.swift */; };
		4194E22D27CE466B000193C8 /* DataModel.swift in Sources */ = {isa = PBXBuildFile; fileRef = 4194E22C27CE466B000193C8 /* DataModel.swift */; };
		4194E22F27CE4AAE000193C8 /* uri.plist in Resources */ = {isa = PBXBuildFile; fileRef = 4194E22E27CE4AAE000193C8 /* uri.plist */; };
		4194E29027D4D93F000193C8 /* NetworkResult.swift in Sources */ = {isa = PBXBuildFile; fileRef = 4194E28F27D4D93F000193C8 /* NetworkResult.swift */; };
		4194E2B227E62FB5000193C8 /* preview.swift in Sources */ = {isa = PBXBuildFile; fileRef = 4194E2B127E62FB5000193C8 /* preview.swift */; };
		4194E2B427E63B0C000193C8 /* AutoLayout.swift in Sources */ = {isa = PBXBuildFile; fileRef = 4194E2B327E63B0B000193C8 /* AutoLayout.swift */; };
		4194E2B627E64F87000193C8 /* MyTabCell.swift in Sources */ = {isa = PBXBuildFile; fileRef = 4194E2B527E64F87000193C8 /* MyTabCell.swift */; };
		4194EC98277F6A9B00AC473B /* QABoard.swift in Sources */ = {isa = PBXBuildFile; fileRef = 4194EC97277F6A9B00AC473B /* QABoard.swift */; };
		4194EC9A277F6C9300AC473B /* ChartBoard.swift in Sources */ = {isa = PBXBuildFile; fileRef = 4194EC99277F6C9300AC473B /* ChartBoard.swift */; };
		41D41177278B2378003F46EE /* ExchangeTap.swift in Sources */ = {isa = PBXBuildFile; fileRef = 41D41176278B2378003F46EE /* ExchangeTap.swift */; };
		41D41179278B250A003F46EE /* NewsTap.swift in Sources */ = {isa = PBXBuildFile; fileRef = 41D41178278B250A003F46EE /* NewsTap.swift */; };
		41D4117B278B251C003F46EE /* ChatTap.swift in Sources */ = {isa = PBXBuildFile; fileRef = 41D4117A278B251C003F46EE /* ChatTap.swift */; };
		41E5719F279862E600B76E37 /* FreeBoardDetail.swift in Sources */ = {isa = PBXBuildFile; fileRef = 41E5719E279862E600B76E37 /* FreeBoardDetail.swift */; };
		41E571A3279C053A00B76E37 /* EntireBoardDetail.swift in Sources */ = {isa = PBXBuildFile; fileRef = 41E571A2279C053A00B76E37 /* EntireBoardDetail.swift */; };
		41E571A527A04DEC00B76E37 /* EntireDetailCell.swift in Sources */ = {isa = PBXBuildFile; fileRef = 41E571A427A04DEC00B76E37 /* EntireDetailCell.swift */; };
		41E571A727A0508300B76E37 /* UIColor.swift in Sources */ = {isa = PBXBuildFile; fileRef = 41E571A627A0508300B76E37 /* UIColor.swift */; };
		41E571AB27AC175900B76E37 /* ReportPage.swift in Sources */ = {isa = PBXBuildFile; fileRef = 41E571AA27AC175900B76E37 /* ReportPage.swift */; };
		41E571AD27AC1A2F00B76E37 /* ReportPage2.swift in Sources */ = {isa = PBXBuildFile; fileRef = 41E571AC27AC1A2F00B76E37 /* ReportPage2.swift */; };
		41E571AF27AE594000B76E37 /* ReportPageCell.swift in Sources */ = {isa = PBXBuildFile; fileRef = 41E571AE27AE594000B76E37 /* ReportPageCell.swift */; };
		41E571B127AE603F00B76E37 /* ReportPageDetail.swift in Sources */ = {isa = PBXBuildFile; fileRef = 41E571B027AE603F00B76E37 /* ReportPageDetail.swift */; };
		41E571B627AEBB0E00B76E37 /* FreeDetailCell.swift in Sources */ = {isa = PBXBuildFile; fileRef = 41E571B527AEBB0E00B76E37 /* FreeDetailCell.swift */; };
		41E571B827AEBD7000B76E37 /* HotBoardDetail.swift in Sources */ = {isa = PBXBuildFile; fileRef = 41E571B727AEBD7000B76E37 /* HotBoardDetail.swift */; };
		41E571BC27AEBDA000B76E37 /* QABoardDetail.swift in Sources */ = {isa = PBXBuildFile; fileRef = 41E571BB27AEBDA000B76E37 /* QABoardDetail.swift */; };
		41E571BE27AEBDB300B76E37 /* ChartBoardDetail.swift in Sources */ = {isa = PBXBuildFile; fileRef = 41E571BD27AEBDB300B76E37 /* ChartBoardDetail.swift */; };
		41E571C427AEBEB500B76E37 /* HumorBoardDetail.swift in Sources */ = {isa = PBXBuildFile; fileRef = 41E571C327AEBEB500B76E37 /* HumorBoardDetail.swift */; };
		41E571D127AECBF600B76E37 /* SettingTableView.swift in Sources */ = {isa = PBXBuildFile; fileRef = 41E571D027AECBF600B76E37 /* SettingTableView.swift */; };
		4532B97D279A4C2800D405B2 /* FontsFree-Net-Apple-SD-Gothic-Neo-Bold.ttf in Resources */ = {isa = PBXBuildFile; fileRef = 4532B97C279A4C2800D405B2 /* FontsFree-Net-Apple-SD-Gothic-Neo-Bold.ttf */; };
		456F110227E30DA200AE02E3 /* MyTap.swift in Sources */ = {isa = PBXBuildFile; fileRef = 456F110127E30DA200AE02E3 /* MyTap.swift */; };
		45DBF63927B0B7CB00778AC4 /* PaddingLabel.swift in Sources */ = {isa = PBXBuildFile; fileRef = 45DBF63827B0B7CB00778AC4 /* PaddingLabel.swift */; };
		45E5260A27B1188200F75319 /* BorderSelect.swift in Sources */ = {isa = PBXBuildFile; fileRef = 45E5260927B1188200F75319 /* BorderSelect.swift */; };
		45E5260C27B24CE000F75319 /* MyFirstCell.swift in Sources */ = {isa = PBXBuildFile; fileRef = 45E5260B27B24CE000F75319 /* MyFirstCell.swift */; };
		45E5260F27B380B400F75319 /* ThirdTapCell.swift in Sources */ = {isa = PBXBuildFile; fileRef = 45E5260E27B380B400F75319 /* ThirdTapCell.swift */; };
		45E5261127B3943700F75319 /* MockData.swift in Sources */ = {isa = PBXBuildFile; fileRef = 45E5261027B3943700F75319 /* MockData.swift */; };
		9C9AF351F62D593981C4248B /* Pods_Applemango_App.framework in Frameworks */ = {isa = PBXBuildFile; fileRef = F22DFFDDCA14810F0F6965B7 /* Pods_Applemango_App.framework */; };
/* End PBXBuildFile section */

/* Begin PBXFileReference section */
		124783A173BCFA4D19A64F19 /* Pods-Applemango_App.release.xcconfig */ = {isa = PBXFileReference; includeInIndex = 1; lastKnownFileType = text.xcconfig; name = "Pods-Applemango_App.release.xcconfig"; path = "Target Support Files/Pods-Applemango_App/Pods-Applemango_App.release.xcconfig"; sourceTree = "<group>"; };
		411F6500275D9AF2002AFF9F /* Applemango_App.app */ = {isa = PBXFileReference; explicitFileType = wrapper.application; includeInIndex = 0; path = Applemango_App.app; sourceTree = BUILT_PRODUCTS_DIR; };
		411F6503275D9AF2002AFF9F /* AppDelegate.swift */ = {isa = PBXFileReference; lastKnownFileType = sourcecode.swift; path = AppDelegate.swift; sourceTree = "<group>"; };
		411F6505275D9AF2002AFF9F /* SceneDelegate.swift */ = {isa = PBXFileReference; lastKnownFileType = sourcecode.swift; path = SceneDelegate.swift; sourceTree = "<group>"; };
		411F6507275D9AF2002AFF9F /* CommunityTap.swift */ = {isa = PBXFileReference; lastKnownFileType = sourcecode.swift; path = CommunityTap.swift; sourceTree = "<group>"; };
		411F650A275D9AF2002AFF9F /* Base */ = {isa = PBXFileReference; lastKnownFileType = file.storyboard; name = Base; path = Base.lproj/Main.storyboard; sourceTree = "<group>"; };
		411F650C275D9AF4002AFF9F /* Assets.xcassets */ = {isa = PBXFileReference; lastKnownFileType = folder.assetcatalog; path = Assets.xcassets; sourceTree = "<group>"; };
		411F650F275D9AF4002AFF9F /* Base */ = {isa = PBXFileReference; lastKnownFileType = file.storyboard; name = Base; path = Base.lproj/LaunchScreen.storyboard; sourceTree = "<group>"; };
		411F6511275D9AF4002AFF9F /* Info.plist */ = {isa = PBXFileReference; lastKnownFileType = text.plist.xml; path = Info.plist; sourceTree = "<group>"; };
		411F6517275D9B20002AFF9F /* HotBoard.swift */ = {isa = PBXFileReference; lastKnownFileType = sourcecode.swift; path = HotBoard.swift; sourceTree = "<group>"; };
		411F6519275D9B2C002AFF9F /* FreeBoard.swift */ = {isa = PBXFileReference; lastKnownFileType = sourcecode.swift; path = FreeBoard.swift; sourceTree = "<group>"; };
		4126EFBC27F878E00027654F /* WritingPage.swift */ = {isa = PBXFileReference; lastKnownFileType = sourcecode.swift; path = WritingPage.swift; sourceTree = "<group>"; };
		4126EFBE27F8B0DC0027654F /* UIextension.swift */ = {isa = PBXFileReference; lastKnownFileType = sourcecode.swift; path = UIextension.swift; sourceTree = "<group>"; };
		4126EFC027F944B30027654F /* BoardTabelCell.swift */ = {isa = PBXFileReference; lastKnownFileType = sourcecode.swift; path = BoardTabelCell.swift; sourceTree = "<group>"; };
		4126EFC927F9B7510027654F /* BoardDetailView.swift */ = {isa = PBXFileReference; lastKnownFileType = sourcecode.swift; path = BoardDetailView.swift; sourceTree = "<group>"; };
		4126EFCE27FB48CC0027654F /* CommentCell.swift */ = {isa = PBXFileReference; lastKnownFileType = sourcecode.swift; path = CommentCell.swift; sourceTree = "<group>"; };
		414E4E6B27B2C3C500919829 /* FourthTapCell.swift */ = {isa = PBXFileReference; lastKnownFileType = sourcecode.swift; path = FourthTapCell.swift; sourceTree = "<group>"; };
		414E4E6D27B2C78000919829 /* ChatPage.swift */ = {isa = PBXFileReference; lastKnownFileType = sourcecode.swift; path = ChatPage.swift; sourceTree = "<group>"; };
		414E4E7027B64C6800919829 /* ExchageCell.swift */ = {isa = PBXFileReference; lastKnownFileType = sourcecode.swift; path = ExchageCell.swift; sourceTree = "<group>"; };
		415B62C5275DE78B004A9632 /* HumorBoard.swift */ = {isa = PBXFileReference; lastKnownFileType = sourcecode.swift; path = HumorBoard.swift; sourceTree = "<group>"; };
		41714AA12839170D00E995CA /* EditProfilePage.swift */ = {isa = PBXFileReference; lastKnownFileType = sourcecode.swift; path = EditProfilePage.swift; sourceTree = "<group>"; };
		4194E21627B6A94D000193C8 /* HotBoardDetailCell.swift */ = {isa = PBXFileReference; lastKnownFileType = sourcecode.swift; path = HotBoardDetailCell.swift; sourceTree = "<group>"; };
		4194E21927B6B28F000193C8 /* HumorDetailCell.swift */ = {isa = PBXFileReference; lastKnownFileType = sourcecode.swift; path = HumorDetailCell.swift; sourceTree = "<group>"; };
		4194E21E27B6B5ED000193C8 /* QADetailCell.swift */ = {isa = PBXFileReference; lastKnownFileType = sourcecode.swift; path = QADetailCell.swift; sourceTree = "<group>"; };
		4194E22327B6B744000193C8 /* ChartDetailCell.swift */ = {isa = PBXFileReference; lastKnownFileType = sourcecode.swift; path = ChartDetailCell.swift; sourceTree = "<group>"; };
		4194E22A27CE42C2000193C8 /* Config.swift */ = {isa = PBXFileReference; lastKnownFileType = sourcecode.swift; path = Config.swift; sourceTree = "<group>"; };
		4194E22C27CE466B000193C8 /* DataModel.swift */ = {isa = PBXFileReference; lastKnownFileType = sourcecode.swift; path = DataModel.swift; sourceTree = "<group>"; };
		4194E22E27CE4AAE000193C8 /* uri.plist */ = {isa = PBXFileReference; lastKnownFileType = text.plist.xml; path = uri.plist; sourceTree = "<group>"; };
		4194E28F27D4D93F000193C8 /* NetworkResult.swift */ = {isa = PBXFileReference; lastKnownFileType = sourcecode.swift; path = NetworkResult.swift; sourceTree = "<group>"; };
		4194E2B127E62FB5000193C8 /* preview.swift */ = {isa = PBXFileReference; lastKnownFileType = sourcecode.swift; path = preview.swift; sourceTree = "<group>"; };
		4194E2B327E63B0B000193C8 /* AutoLayout.swift */ = {isa = PBXFileReference; lastKnownFileType = sourcecode.swift; path = AutoLayout.swift; sourceTree = "<group>"; };
		4194E2B527E64F87000193C8 /* MyTabCell.swift */ = {isa = PBXFileReference; lastKnownFileType = sourcecode.swift; path = MyTabCell.swift; sourceTree = "<group>"; };
		4194EC97277F6A9B00AC473B /* QABoard.swift */ = {isa = PBXFileReference; lastKnownFileType = sourcecode.swift; path = QABoard.swift; sourceTree = "<group>"; };
		4194EC99277F6C9300AC473B /* ChartBoard.swift */ = {isa = PBXFileReference; lastKnownFileType = sourcecode.swift; path = ChartBoard.swift; sourceTree = "<group>"; };
		41D41176278B2378003F46EE /* ExchangeTap.swift */ = {isa = PBXFileReference; lastKnownFileType = sourcecode.swift; path = ExchangeTap.swift; sourceTree = "<group>"; };
		41D41178278B250A003F46EE /* NewsTap.swift */ = {isa = PBXFileReference; lastKnownFileType = sourcecode.swift; path = NewsTap.swift; sourceTree = "<group>"; };
		41D4117A278B251C003F46EE /* ChatTap.swift */ = {isa = PBXFileReference; lastKnownFileType = sourcecode.swift; path = ChatTap.swift; sourceTree = "<group>"; };
		41E5719E279862E600B76E37 /* FreeBoardDetail.swift */ = {isa = PBXFileReference; lastKnownFileType = sourcecode.swift; path = FreeBoardDetail.swift; sourceTree = "<group>"; };
		41E571A2279C053A00B76E37 /* EntireBoardDetail.swift */ = {isa = PBXFileReference; lastKnownFileType = sourcecode.swift; path = EntireBoardDetail.swift; sourceTree = "<group>"; };
		41E571A427A04DEC00B76E37 /* EntireDetailCell.swift */ = {isa = PBXFileReference; lastKnownFileType = sourcecode.swift; path = EntireDetailCell.swift; sourceTree = "<group>"; };
		41E571A627A0508300B76E37 /* UIColor.swift */ = {isa = PBXFileReference; lastKnownFileType = sourcecode.swift; path = UIColor.swift; sourceTree = "<group>"; };
		41E571AA27AC175900B76E37 /* ReportPage.swift */ = {isa = PBXFileReference; lastKnownFileType = sourcecode.swift; path = ReportPage.swift; sourceTree = "<group>"; };
		41E571AC27AC1A2F00B76E37 /* ReportPage2.swift */ = {isa = PBXFileReference; lastKnownFileType = sourcecode.swift; path = ReportPage2.swift; sourceTree = "<group>"; };
		41E571AE27AE594000B76E37 /* ReportPageCell.swift */ = {isa = PBXFileReference; lastKnownFileType = sourcecode.swift; path = ReportPageCell.swift; sourceTree = "<group>"; };
		41E571B027AE603F00B76E37 /* ReportPageDetail.swift */ = {isa = PBXFileReference; lastKnownFileType = sourcecode.swift; path = ReportPageDetail.swift; sourceTree = "<group>"; };
		41E571B527AEBB0E00B76E37 /* FreeDetailCell.swift */ = {isa = PBXFileReference; lastKnownFileType = sourcecode.swift; path = FreeDetailCell.swift; sourceTree = "<group>"; };
		41E571B727AEBD7000B76E37 /* HotBoardDetail.swift */ = {isa = PBXFileReference; lastKnownFileType = sourcecode.swift; path = HotBoardDetail.swift; sourceTree = "<group>"; };
		41E571BB27AEBDA000B76E37 /* QABoardDetail.swift */ = {isa = PBXFileReference; lastKnownFileType = sourcecode.swift; path = QABoardDetail.swift; sourceTree = "<group>"; };
		41E571BD27AEBDB300B76E37 /* ChartBoardDetail.swift */ = {isa = PBXFileReference; lastKnownFileType = sourcecode.swift; path = ChartBoardDetail.swift; sourceTree = "<group>"; };
		41E571C327AEBEB500B76E37 /* HumorBoardDetail.swift */ = {isa = PBXFileReference; lastKnownFileType = sourcecode.swift; path = HumorBoardDetail.swift; sourceTree = "<group>"; };
		41E571D027AECBF600B76E37 /* SettingTableView.swift */ = {isa = PBXFileReference; lastKnownFileType = sourcecode.swift; path = SettingTableView.swift; sourceTree = "<group>"; };
		4532B97C279A4C2800D405B2 /* FontsFree-Net-Apple-SD-Gothic-Neo-Bold.ttf */ = {isa = PBXFileReference; lastKnownFileType = file; path = "FontsFree-Net-Apple-SD-Gothic-Neo-Bold.ttf"; sourceTree = "<group>"; };
		456F110127E30DA200AE02E3 /* MyTap.swift */ = {isa = PBXFileReference; lastKnownFileType = sourcecode.swift; path = MyTap.swift; sourceTree = "<group>"; };
		45DBF63827B0B7CB00778AC4 /* PaddingLabel.swift */ = {isa = PBXFileReference; lastKnownFileType = sourcecode.swift; path = PaddingLabel.swift; sourceTree = "<group>"; };
		45E5260927B1188200F75319 /* BorderSelect.swift */ = {isa = PBXFileReference; lastKnownFileType = sourcecode.swift; path = BorderSelect.swift; sourceTree = "<group>"; };
		45E5260B27B24CE000F75319 /* MyFirstCell.swift */ = {isa = PBXFileReference; lastKnownFileType = sourcecode.swift; path = MyFirstCell.swift; sourceTree = "<group>"; };
		45E5260E27B380B400F75319 /* ThirdTapCell.swift */ = {isa = PBXFileReference; lastKnownFileType = sourcecode.swift; path = ThirdTapCell.swift; sourceTree = "<group>"; };
		45E5261027B3943700F75319 /* MockData.swift */ = {isa = PBXFileReference; lastKnownFileType = sourcecode.swift; path = MockData.swift; sourceTree = "<group>"; };
		8F7AEA65718E8BFD69CE0EB9 /* Pods-segue_example2.release.xcconfig */ = {isa = PBXFileReference; includeInIndex = 1; lastKnownFileType = text.xcconfig; name = "Pods-segue_example2.release.xcconfig"; path = "Target Support Files/Pods-segue_example2/Pods-segue_example2.release.xcconfig"; sourceTree = "<group>"; };
		A63AFE28B893D90EF2505370 /* Pods-segue_example2.debug.xcconfig */ = {isa = PBXFileReference; includeInIndex = 1; lastKnownFileType = text.xcconfig; name = "Pods-segue_example2.debug.xcconfig"; path = "Target Support Files/Pods-segue_example2/Pods-segue_example2.debug.xcconfig"; sourceTree = "<group>"; };
		D729CD3B7CD44ED95F0A782B /* Pods-Applemango_App.debug.xcconfig */ = {isa = PBXFileReference; includeInIndex = 1; lastKnownFileType = text.xcconfig; name = "Pods-Applemango_App.debug.xcconfig"; path = "Target Support Files/Pods-Applemango_App/Pods-Applemango_App.debug.xcconfig"; sourceTree = "<group>"; };
		F22DFFDDCA14810F0F6965B7 /* Pods_Applemango_App.framework */ = {isa = PBXFileReference; explicitFileType = wrapper.framework; includeInIndex = 0; path = Pods_Applemango_App.framework; sourceTree = BUILT_PRODUCTS_DIR; };
/* End PBXFileReference section */

/* Begin PBXFrameworksBuildPhase section */
		411F64FD275D9AF2002AFF9F /* Frameworks */ = {
			isa = PBXFrameworksBuildPhase;
			buildActionMask = 2147483647;
			files = (
				9C9AF351F62D593981C4248B /* Pods_Applemango_App.framework in Frameworks */,
			);
			runOnlyForDeploymentPostprocessing = 0;
		};
/* End PBXFrameworksBuildPhase section */

/* Begin PBXGroup section */
		411F64F7275D9AF2002AFF9F = {
			isa = PBXGroup;
			children = (
				411F6502275D9AF2002AFF9F /* Applemango_App */,
				411F6501275D9AF2002AFF9F /* Products */,
				D988E85B7AD8AAE12ED2D44B /* Pods */,
				582122561C0DC36600D86B0D /* Frameworks */,
			);
			sourceTree = "<group>";
		};
		411F6501275D9AF2002AFF9F /* Products */ = {
			isa = PBXGroup;
			children = (
				411F6500275D9AF2002AFF9F /* Applemango_App.app */,
			);
			name = Products;
			sourceTree = "<group>";
		};
		411F6502275D9AF2002AFF9F /* Applemango_App */ = {
			isa = PBXGroup;
			children = (
				4126EFCB27F9D7960027654F /* UIView */,
				4126EFC627F9B6B70027654F /* TableCell */,
				414E4E6F27B64C4900919829 /* FirstTapSupport */,
				45E5260D27B3808F00F75319 /* ThirdTapSupport */,
				414E4E6A27B2C3A400919829 /* FourthTapSupport */,
				41E571CF27AECA0C00B76E37 /* FifthTapSupport */,
				411F6503275D9AF2002AFF9F /* AppDelegate.swift */,
				411F6505275D9AF2002AFF9F /* SceneDelegate.swift */,
				4532B981279A4CDB00D405B2 /* CommunityTapSupport */,
				4532B97F279A4CA100D405B2 /* SupportFile */,
				4532B97E279A4C6C00D405B2 /* TapController */,
				411F6509275D9AF2002AFF9F /* Main.storyboard */,
				411F650C275D9AF4002AFF9F /* Assets.xcassets */,
				411F650E275D9AF4002AFF9F /* LaunchScreen.storyboard */,
				411F6511275D9AF4002AFF9F /* Info.plist */,
				4194E22E27CE4AAE000193C8 /* uri.plist */,
				4194E2B127E62FB5000193C8 /* preview.swift */,
			);
			path = Applemango_App;
			sourceTree = "<group>";
		};
		4126EFC627F9B6B70027654F /* TableCell */ = {
			isa = PBXGroup;
			children = (
				4126EFC027F944B30027654F /* BoardTabelCell.swift */,
				4194E2B527E64F87000193C8 /* MyTabCell.swift */,
				4126EFCE27FB48CC0027654F /* CommentCell.swift */,
			);
			path = TableCell;
			sourceTree = "<group>";
		};
		4126EFCB27F9D7960027654F /* UIView */ = {
			isa = PBXGroup;
			children = (
				4126EFC927F9B7510027654F /* BoardDetailView.swift */,
			);
			path = UIView;
			sourceTree = "<group>";
		};
		414E4E6A27B2C3A400919829 /* FourthTapSupport */ = {
			isa = PBXGroup;
			children = (
				414E4E6B27B2C3C500919829 /* FourthTapCell.swift */,
				414E4E6D27B2C78000919829 /* ChatPage.swift */,
			);
			path = FourthTapSupport;
			sourceTree = "<group>";
		};
		414E4E6F27B64C4900919829 /* FirstTapSupport */ = {
			isa = PBXGroup;
			children = (
				414E4E7027B64C6800919829 /* ExchageCell.swift */,
			);
			path = FirstTapSupport;
			sourceTree = "<group>";
		};
		4194E21827B6AD65000193C8 /* Etc */ = {
			isa = PBXGroup;
			children = (
				41E571AA27AC175900B76E37 /* ReportPage.swift */,
				41E571B027AE603F00B76E37 /* ReportPageDetail.swift */,
				41E571AE27AE594000B76E37 /* ReportPageCell.swift */,
				41E571AC27AC1A2F00B76E37 /* ReportPage2.swift */,
				4126EFBC27F878E00027654F /* WritingPage.swift */,
			);
			path = Etc;
			sourceTree = "<group>";
		};
		4194E21B27B6B5C8000193C8 /* TableCell */ = {
			isa = PBXGroup;
			children = (
				4194E21E27B6B5ED000193C8 /* QADetailCell.swift */,
			);
			path = TableCell;
			sourceTree = "<group>";
		};
		4194E22027B6B721000193C8 /* TableCell */ = {
			isa = PBXGroup;
			children = (
				4194E22327B6B744000193C8 /* ChartDetailCell.swift */,
			);
			path = TableCell;
			sourceTree = "<group>";
		};
		41E571B227AEB88D00B76E37 /* FreeBoard */ = {
			isa = PBXGroup;
			children = (
				41E571B427AEB91500B76E37 /* DetailView */,
				41E571B327AEB8C700B76E37 /* TableCell */,
				411F6519275D9B2C002AFF9F /* FreeBoard.swift */,
			);
			path = FreeBoard;
			sourceTree = "<group>";
		};
		41E571B327AEB8C700B76E37 /* TableCell */ = {
			isa = PBXGroup;
			children = (
				41E571B527AEBB0E00B76E37 /* FreeDetailCell.swift */,
				41E571A427A04DEC00B76E37 /* EntireDetailCell.swift */,
			);
			path = TableCell;
			sourceTree = "<group>";
		};
		41E571B427AEB91500B76E37 /* DetailView */ = {
			isa = PBXGroup;
			children = (
				41E5719E279862E600B76E37 /* FreeBoardDetail.swift */,
				41E571A2279C053A00B76E37 /* EntireBoardDetail.swift */,
			);
			path = DetailView;
			sourceTree = "<group>";
		};
		41E571BF27AEBDBD00B76E37 /* HotBoard */ = {
			isa = PBXGroup;
			children = (
				41E571CA27AEC4E400B76E37 /* TableCell */,
				41E571C927AEC4D600B76E37 /* DetailView */,
				411F6517275D9B20002AFF9F /* HotBoard.swift */,
			);
			path = HotBoard;
			sourceTree = "<group>";
		};
		41E571C027AEBDC400B76E37 /* HumorBoard */ = {
			isa = PBXGroup;
			children = (
				41E571CC27AEC4FA00B76E37 /* TableCell */,
				41E571CB27AEC4F000B76E37 /* DetailView */,
				415B62C5275DE78B004A9632 /* HumorBoard.swift */,
			);
			path = HumorBoard;
			sourceTree = "<group>";
		};
		41E571C127AEBDCB00B76E37 /* QABoard */ = {
			isa = PBXGroup;
			children = (
				4194E21B27B6B5C8000193C8 /* TableCell */,
				41E571CD27AEC50600B76E37 /* DetailView */,
				4194EC97277F6A9B00AC473B /* QABoard.swift */,
			);
			path = QABoard;
			sourceTree = "<group>";
		};
		41E571C227AEBDD100B76E37 /* ChartBoard */ = {
			isa = PBXGroup;
			children = (
				4194E22027B6B721000193C8 /* TableCell */,
				41E571CE27AEC51400B76E37 /* DetailView */,
				4194EC99277F6C9300AC473B /* ChartBoard.swift */,
			);
			path = ChartBoard;
			sourceTree = "<group>";
		};
		41E571C927AEC4D600B76E37 /* DetailView */ = {
			isa = PBXGroup;
			children = (
				41E571B727AEBD7000B76E37 /* HotBoardDetail.swift */,
			);
			path = DetailView;
			sourceTree = "<group>";
		};
		41E571CA27AEC4E400B76E37 /* TableCell */ = {
			isa = PBXGroup;
			children = (
				4194E21627B6A94D000193C8 /* HotBoardDetailCell.swift */,
			);
			path = TableCell;
			sourceTree = "<group>";
		};
		41E571CB27AEC4F000B76E37 /* DetailView */ = {
			isa = PBXGroup;
			children = (
				41E571C327AEBEB500B76E37 /* HumorBoardDetail.swift */,
			);
			path = DetailView;
			sourceTree = "<group>";
		};
		41E571CC27AEC4FA00B76E37 /* TableCell */ = {
			isa = PBXGroup;
			children = (
				4194E21927B6B28F000193C8 /* HumorDetailCell.swift */,
			);
			path = TableCell;
			sourceTree = "<group>";
		};
		41E571CD27AEC50600B76E37 /* DetailView */ = {
			isa = PBXGroup;
			children = (
				41E571BB27AEBDA000B76E37 /* QABoardDetail.swift */,
			);
			path = DetailView;
			sourceTree = "<group>";
		};
		41E571CE27AEC51400B76E37 /* DetailView */ = {
			isa = PBXGroup;
			children = (
				41E571BD27AEBDB300B76E37 /* ChartBoardDetail.swift */,
			);
			path = DetailView;
			sourceTree = "<group>";
		};
		41E571CF27AECA0C00B76E37 /* FifthTapSupport */ = {
			isa = PBXGroup;
			children = (
				41E571D027AECBF600B76E37 /* SettingTableView.swift */,
				45E5260B27B24CE000F75319 /* MyFirstCell.swift */,
				41714AA12839170D00E995CA /* EditProfilePage.swift */,
			);
			path = FifthTapSupport;
			sourceTree = "<group>";
		};
		4532B97E279A4C6C00D405B2 /* TapController */ = {
			isa = PBXGroup;
			children = (
				41D41176278B2378003F46EE /* ExchangeTap.swift */,
				411F6507275D9AF2002AFF9F /* CommunityTap.swift */,
				41D41178278B250A003F46EE /* NewsTap.swift */,
				41D4117A278B251C003F46EE /* ChatTap.swift */,
				456F110127E30DA200AE02E3 /* MyTap.swift */,
			);
			path = TapController;
			sourceTree = "<group>";
		};
		4532B97F279A4CA100D405B2 /* SupportFile */ = {
			isa = PBXGroup;
			children = (
				4532B980279A4CAC00D405B2 /* Font */,
				41E571A627A0508300B76E37 /* UIColor.swift */,
				45DBF63827B0B7CB00778AC4 /* PaddingLabel.swift */,
				4194E2B327E63B0B000193C8 /* AutoLayout.swift */,
				45E5260927B1188200F75319 /* BorderSelect.swift */,
				45E5261027B3943700F75319 /* MockData.swift */,
				4194E22C27CE466B000193C8 /* DataModel.swift */,
				4194E28F27D4D93F000193C8 /* NetworkResult.swift */,
				4194E22A27CE42C2000193C8 /* Config.swift */,
				4126EFBE27F8B0DC0027654F /* UIextension.swift */,
			);
			path = SupportFile;
			sourceTree = "<group>";
		};
		4532B980279A4CAC00D405B2 /* Font */ = {
			isa = PBXGroup;
			children = (
				4532B97C279A4C2800D405B2 /* FontsFree-Net-Apple-SD-Gothic-Neo-Bold.ttf */,
			);
			path = Font;
			sourceTree = "<group>";
		};
		4532B981279A4CDB00D405B2 /* CommunityTapSupport */ = {
			isa = PBXGroup;
			children = (
				4194E21827B6AD65000193C8 /* Etc */,
				41E571C227AEBDD100B76E37 /* ChartBoard */,
				41E571C127AEBDCB00B76E37 /* QABoard */,
				41E571C027AEBDC400B76E37 /* HumorBoard */,
				41E571BF27AEBDBD00B76E37 /* HotBoard */,
				41E571B227AEB88D00B76E37 /* FreeBoard */,
			);
			path = CommunityTapSupport;
			sourceTree = "<group>";
		};
		45E5260D27B3808F00F75319 /* ThirdTapSupport */ = {
			isa = PBXGroup;
			children = (
				45E5260E27B380B400F75319 /* ThirdTapCell.swift */,
			);
			path = ThirdTapSupport;
			sourceTree = "<group>";
		};
		582122561C0DC36600D86B0D /* Frameworks */ = {
			isa = PBXGroup;
			children = (
				F22DFFDDCA14810F0F6965B7 /* Pods_Applemango_App.framework */,
			);
			name = Frameworks;
			sourceTree = "<group>";
		};
		D988E85B7AD8AAE12ED2D44B /* Pods */ = {
			isa = PBXGroup;
			children = (
				A63AFE28B893D90EF2505370 /* Pods-segue_example2.debug.xcconfig */,
				8F7AEA65718E8BFD69CE0EB9 /* Pods-segue_example2.release.xcconfig */,
				D729CD3B7CD44ED95F0A782B /* Pods-Applemango_App.debug.xcconfig */,
				124783A173BCFA4D19A64F19 /* Pods-Applemango_App.release.xcconfig */,
			);
			path = Pods;
			sourceTree = "<group>";
		};
/* End PBXGroup section */

/* Begin PBXNativeTarget section */
		411F64FF275D9AF2002AFF9F /* Applemango_App */ = {
			isa = PBXNativeTarget;
			buildConfigurationList = 411F6514275D9AF4002AFF9F /* Build configuration list for PBXNativeTarget "Applemango_App" */;
			buildPhases = (
				39B72B5B7C2143C9D12A1652 /* [CP] Check Pods Manifest.lock */,
				411F64FC275D9AF2002AFF9F /* Sources */,
				411F64FD275D9AF2002AFF9F /* Frameworks */,
				411F64FE275D9AF2002AFF9F /* Resources */,
				475218471CC309A52659D5B6 /* [CP] Embed Pods Frameworks */,
			);
			buildRules = (
			);
			dependencies = (
			);
			name = Applemango_App;
			productName = segue_example2;
			productReference = 411F6500275D9AF2002AFF9F /* Applemango_App.app */;
			productType = "com.apple.product-type.application";
		};
/* End PBXNativeTarget section */

/* Begin PBXProject section */
		411F64F8275D9AF2002AFF9F /* Project object */ = {
			isa = PBXProject;
			attributes = {
				BuildIndependentTargetsInParallel = 1;
				LastSwiftUpdateCheck = 1310;
				LastUpgradeCheck = 1310;
				TargetAttributes = {
					411F64FF275D9AF2002AFF9F = {
						CreatedOnToolsVersion = 13.1;
					};
				};
			};
			buildConfigurationList = 411F64FB275D9AF2002AFF9F /* Build configuration list for PBXProject "Applemango_App" */;
			compatibilityVersion = "Xcode 13.0";
			developmentRegion = en;
			hasScannedForEncodings = 0;
			knownRegions = (
				en,
				Base,
			);
			mainGroup = 411F64F7275D9AF2002AFF9F;
			productRefGroup = 411F6501275D9AF2002AFF9F /* Products */;
			projectDirPath = "";
			projectRoot = "";
			targets = (
				411F64FF275D9AF2002AFF9F /* Applemango_App */,
			);
		};
/* End PBXProject section */

/* Begin PBXResourcesBuildPhase section */
		411F64FE275D9AF2002AFF9F /* Resources */ = {
			isa = PBXResourcesBuildPhase;
			buildActionMask = 2147483647;
			files = (
				411F6510275D9AF4002AFF9F /* LaunchScreen.storyboard in Resources */,
				4532B97D279A4C2800D405B2 /* FontsFree-Net-Apple-SD-Gothic-Neo-Bold.ttf in Resources */,
				4194E22F27CE4AAE000193C8 /* uri.plist in Resources */,
				411F650D275D9AF4002AFF9F /* Assets.xcassets in Resources */,
				411F650B275D9AF2002AFF9F /* Main.storyboard in Resources */,
			);
			runOnlyForDeploymentPostprocessing = 0;
		};
/* End PBXResourcesBuildPhase section */

/* Begin PBXShellScriptBuildPhase section */
		39B72B5B7C2143C9D12A1652 /* [CP] Check Pods Manifest.lock */ = {
			isa = PBXShellScriptBuildPhase;
			buildActionMask = 2147483647;
			files = (
			);
			inputFileListPaths = (
			);
			inputPaths = (
				"${PODS_PODFILE_DIR_PATH}/Podfile.lock",
				"${PODS_ROOT}/Manifest.lock",
			);
			name = "[CP] Check Pods Manifest.lock";
			outputFileListPaths = (
			);
			outputPaths = (
				"$(DERIVED_FILE_DIR)/Pods-Applemango_App-checkManifestLockResult.txt",
			);
			runOnlyForDeploymentPostprocessing = 0;
			shellPath = /bin/sh;
			shellScript = "diff \"${PODS_PODFILE_DIR_PATH}/Podfile.lock\" \"${PODS_ROOT}/Manifest.lock\" > /dev/null\nif [ $? != 0 ] ; then\n    # print error to STDERR\n    echo \"error: The sandbox is not in sync with the Podfile.lock. Run 'pod install' or update your CocoaPods installation.\" >&2\n    exit 1\nfi\n# This output is used by Xcode 'outputs' to avoid re-running this script phase.\necho \"SUCCESS\" > \"${SCRIPT_OUTPUT_FILE_0}\"\n";
			showEnvVarsInLog = 0;
		};
		475218471CC309A52659D5B6 /* [CP] Embed Pods Frameworks */ = {
			isa = PBXShellScriptBuildPhase;
			buildActionMask = 2147483647;
			files = (
			);
			inputFileListPaths = (
				"${PODS_ROOT}/Target Support Files/Pods-Applemango_App/Pods-Applemango_App-frameworks-${CONFIGURATION}-input-files.xcfilelist",
			);
			name = "[CP] Embed Pods Frameworks";
			outputFileListPaths = (
				"${PODS_ROOT}/Target Support Files/Pods-Applemango_App/Pods-Applemango_App-frameworks-${CONFIGURATION}-output-files.xcfilelist",
			);
			runOnlyForDeploymentPostprocessing = 0;
			shellPath = /bin/sh;
			shellScript = "\"${PODS_ROOT}/Target Support Files/Pods-Applemango_App/Pods-Applemango_App-frameworks.sh\"\n";
			showEnvVarsInLog = 0;
		};
/* End PBXShellScriptBuildPhase section */

/* Begin PBXSourcesBuildPhase section */
		411F64FC275D9AF2002AFF9F /* Sources */ = {
			isa = PBXSourcesBuildPhase;
			buildActionMask = 2147483647;
			files = (
				41714AA22839170D00E995CA /* EditProfilePage.swift in Sources */,
				411F651A275D9B2C002AFF9F /* FreeBoard.swift in Sources */,
				45E5260A27B1188200F75319 /* BorderSelect.swift in Sources */,
				4194E22B27CE42C2000193C8 /* Config.swift in Sources */,
				41E571BE27AEBDB300B76E37 /* ChartBoardDetail.swift in Sources */,
				45E5260F27B380B400F75319 /* ThirdTapCell.swift in Sources */,
				4126EFCF27FB48CC0027654F /* CommentCell.swift in Sources */,
				4194E22D27CE466B000193C8 /* DataModel.swift in Sources */,
				414E4E6C27B2C3C500919829 /* FourthTapCell.swift in Sources */,
				41E571AD27AC1A2F00B76E37 /* ReportPage2.swift in Sources */,
				41E571BC27AEBDA000B76E37 /* QABoardDetail.swift in Sources */,
				41E571B827AEBD7000B76E37 /* HotBoardDetail.swift in Sources */,
				41E571A527A04DEC00B76E37 /* EntireDetailCell.swift in Sources */,
				415B62C6275DE78B004A9632 /* HumorBoard.swift in Sources */,
				414E4E6E27B2C78000919829 /* ChatPage.swift in Sources */,
				4126EFBF27F8B0DC0027654F /* UIextension.swift in Sources */,
				4194EC9A277F6C9300AC473B /* ChartBoard.swift in Sources */,
				411F6508275D9AF2002AFF9F /* CommunityTap.swift in Sources */,
				41E5719F279862E600B76E37 /* FreeBoardDetail.swift in Sources */,
				4126EFC127F944B30027654F /* BoardTabelCell.swift in Sources */,
				4194E2B227E62FB5000193C8 /* preview.swift in Sources */,
				41E571AF27AE594000B76E37 /* ReportPageCell.swift in Sources */,
				45E5261127B3943700F75319 /* MockData.swift in Sources */,
				4194E29027D4D93F000193C8 /* NetworkResult.swift in Sources */,
				4126EFCA27F9B7510027654F /* BoardDetailView.swift in Sources */,
				414E4E7127B64C6800919829 /* ExchageCell.swift in Sources */,
				4194E2B627E64F87000193C8 /* MyTabCell.swift in Sources */,
				41D41179278B250A003F46EE /* NewsTap.swift in Sources */,
				41E571AB27AC175900B76E37 /* ReportPage.swift in Sources */,
				4194EC98277F6A9B00AC473B /* QABoard.swift in Sources */,
				41E571A727A0508300B76E37 /* UIColor.swift in Sources */,
				411F6518275D9B20002AFF9F /* HotBoard.swift in Sources */,
				41E571D127AECBF600B76E37 /* SettingTableView.swift in Sources */,
				411F6504275D9AF2002AFF9F /* AppDelegate.swift in Sources */,
				41D4117B278B251C003F46EE /* ChatTap.swift in Sources */,
				411F6506275D9AF2002AFF9F /* SceneDelegate.swift in Sources */,
				4194E21F27B6B5ED000193C8 /* QADetailCell.swift in Sources */,
				4126EFBD27F878E00027654F /* WritingPage.swift in Sources */,
				4194E21727B6A94D000193C8 /* HotBoardDetailCell.swift in Sources */,
				45DBF63927B0B7CB00778AC4 /* PaddingLabel.swift in Sources */,
				4194E2B427E63B0C000193C8 /* AutoLayout.swift in Sources */,
				41E571C427AEBEB500B76E37 /* HumorBoardDetail.swift in Sources */,
				41E571A3279C053A00B76E37 /* EntireBoardDetail.swift in Sources */,
				41E571B127AE603F00B76E37 /* ReportPageDetail.swift in Sources */,
				41D41177278B2378003F46EE /* ExchangeTap.swift in Sources */,
				456F110227E30DA200AE02E3 /* MyTap.swift in Sources */,
				4194E21A27B6B28F000193C8 /* HumorDetailCell.swift in Sources */,
				41E571B627AEBB0E00B76E37 /* FreeDetailCell.swift in Sources */,
				45E5260C27B24CE000F75319 /* MyFirstCell.swift in Sources */,
				4194E22427B6B744000193C8 /* ChartDetailCell.swift in Sources */,
			);
			runOnlyForDeploymentPostprocessing = 0;
		};
/* End PBXSourcesBuildPhase section */

/* Begin PBXVariantGroup section */
		411F6509275D9AF2002AFF9F /* Main.storyboard */ = {
			isa = PBXVariantGroup;
			children = (
				411F650A275D9AF2002AFF9F /* Base */,
			);
			name = Main.storyboard;
			sourceTree = "<group>";
		};
		411F650E275D9AF4002AFF9F /* LaunchScreen.storyboard */ = {
			isa = PBXVariantGroup;
			children = (
				411F650F275D9AF4002AFF9F /* Base */,
			);
			name = LaunchScreen.storyboard;
			sourceTree = "<group>";
		};
/* End PBXVariantGroup section */

/* Begin XCBuildConfiguration section */
		411F6512275D9AF4002AFF9F /* Debug */ = {
			isa = XCBuildConfiguration;
			buildSettings = {
				ALWAYS_SEARCH_USER_PATHS = NO;
				CLANG_ANALYZER_NONNULL = YES;
				CLANG_ANALYZER_NUMBER_OBJECT_CONVERSION = YES_AGGRESSIVE;
				CLANG_CXX_LANGUAGE_STANDARD = "gnu++17";
				CLANG_CXX_LIBRARY = "libc++";
				CLANG_ENABLE_MODULES = YES;
				CLANG_ENABLE_OBJC_ARC = YES;
				CLANG_ENABLE_OBJC_WEAK = YES;
				CLANG_WARN_BLOCK_CAPTURE_AUTORELEASING = YES;
				CLANG_WARN_BOOL_CONVERSION = YES;
				CLANG_WARN_COMMA = YES;
				CLANG_WARN_CONSTANT_CONVERSION = YES;
				CLANG_WARN_DEPRECATED_OBJC_IMPLEMENTATIONS = YES;
				CLANG_WARN_DIRECT_OBJC_ISA_USAGE = YES_ERROR;
				CLANG_WARN_DOCUMENTATION_COMMENTS = YES;
				CLANG_WARN_EMPTY_BODY = YES;
				CLANG_WARN_ENUM_CONVERSION = YES;
				CLANG_WARN_INFINITE_RECURSION = YES;
				CLANG_WARN_INT_CONVERSION = YES;
				CLANG_WARN_NON_LITERAL_NULL_CONVERSION = YES;
				CLANG_WARN_OBJC_IMPLICIT_RETAIN_SELF = YES;
				CLANG_WARN_OBJC_LITERAL_CONVERSION = YES;
				CLANG_WARN_OBJC_ROOT_CLASS = YES_ERROR;
				CLANG_WARN_QUOTED_INCLUDE_IN_FRAMEWORK_HEADER = YES;
				CLANG_WARN_RANGE_LOOP_ANALYSIS = YES;
				CLANG_WARN_STRICT_PROTOTYPES = YES;
				CLANG_WARN_SUSPICIOUS_MOVE = YES;
				CLANG_WARN_UNGUARDED_AVAILABILITY = YES_AGGRESSIVE;
				CLANG_WARN_UNREACHABLE_CODE = YES;
				CLANG_WARN__DUPLICATE_METHOD_MATCH = YES;
				COPY_PHASE_STRIP = NO;
				DEBUG_INFORMATION_FORMAT = dwarf;
				ENABLE_STRICT_OBJC_MSGSEND = YES;
				ENABLE_TESTABILITY = YES;
				GCC_C_LANGUAGE_STANDARD = gnu11;
				GCC_DYNAMIC_NO_PIC = NO;
				GCC_NO_COMMON_BLOCKS = YES;
				GCC_OPTIMIZATION_LEVEL = 0;
				GCC_PREPROCESSOR_DEFINITIONS = (
					"DEBUG=1",
					"$(inherited)",
				);
				GCC_WARN_64_TO_32_BIT_CONVERSION = YES;
				GCC_WARN_ABOUT_RETURN_TYPE = YES_ERROR;
				GCC_WARN_UNDECLARED_SELECTOR = YES;
				GCC_WARN_UNINITIALIZED_AUTOS = YES_AGGRESSIVE;
				GCC_WARN_UNUSED_FUNCTION = YES;
				GCC_WARN_UNUSED_VARIABLE = YES;
				IPHONEOS_DEPLOYMENT_TARGET = 15.0;
				MTL_ENABLE_DEBUG_INFO = INCLUDE_SOURCE;
				MTL_FAST_MATH = YES;
				ONLY_ACTIVE_ARCH = YES;
				SDKROOT = iphoneos;
				SWIFT_ACTIVE_COMPILATION_CONDITIONS = DEBUG;
				SWIFT_OPTIMIZATION_LEVEL = "-Onone";
			};
			name = Debug;
		};
		411F6513275D9AF4002AFF9F /* Release */ = {
			isa = XCBuildConfiguration;
			buildSettings = {
				ALWAYS_SEARCH_USER_PATHS = NO;
				CLANG_ANALYZER_NONNULL = YES;
				CLANG_ANALYZER_NUMBER_OBJECT_CONVERSION = YES_AGGRESSIVE;
				CLANG_CXX_LANGUAGE_STANDARD = "gnu++17";
				CLANG_CXX_LIBRARY = "libc++";
				CLANG_ENABLE_MODULES = YES;
				CLANG_ENABLE_OBJC_ARC = YES;
				CLANG_ENABLE_OBJC_WEAK = YES;
				CLANG_WARN_BLOCK_CAPTURE_AUTORELEASING = YES;
				CLANG_WARN_BOOL_CONVERSION = YES;
				CLANG_WARN_COMMA = YES;
				CLANG_WARN_CONSTANT_CONVERSION = YES;
				CLANG_WARN_DEPRECATED_OBJC_IMPLEMENTATIONS = YES;
				CLANG_WARN_DIRECT_OBJC_ISA_USAGE = YES_ERROR;
				CLANG_WARN_DOCUMENTATION_COMMENTS = YES;
				CLANG_WARN_EMPTY_BODY = YES;
				CLANG_WARN_ENUM_CONVERSION = YES;
				CLANG_WARN_INFINITE_RECURSION = YES;
				CLANG_WARN_INT_CONVERSION = YES;
				CLANG_WARN_NON_LITERAL_NULL_CONVERSION = YES;
				CLANG_WARN_OBJC_IMPLICIT_RETAIN_SELF = YES;
				CLANG_WARN_OBJC_LITERAL_CONVERSION = YES;
				CLANG_WARN_OBJC_ROOT_CLASS = YES_ERROR;
				CLANG_WARN_QUOTED_INCLUDE_IN_FRAMEWORK_HEADER = YES;
				CLANG_WARN_RANGE_LOOP_ANALYSIS = YES;
				CLANG_WARN_STRICT_PROTOTYPES = YES;
				CLANG_WARN_SUSPICIOUS_MOVE = YES;
				CLANG_WARN_UNGUARDED_AVAILABILITY = YES_AGGRESSIVE;
				CLANG_WARN_UNREACHABLE_CODE = YES;
				CLANG_WARN__DUPLICATE_METHOD_MATCH = YES;
				COPY_PHASE_STRIP = NO;
				DEBUG_INFORMATION_FORMAT = "dwarf-with-dsym";
				ENABLE_NS_ASSERTIONS = NO;
				ENABLE_STRICT_OBJC_MSGSEND = YES;
				GCC_C_LANGUAGE_STANDARD = gnu11;
				GCC_NO_COMMON_BLOCKS = YES;
				GCC_WARN_64_TO_32_BIT_CONVERSION = YES;
				GCC_WARN_ABOUT_RETURN_TYPE = YES_ERROR;
				GCC_WARN_UNDECLARED_SELECTOR = YES;
				GCC_WARN_UNINITIALIZED_AUTOS = YES_AGGRESSIVE;
				GCC_WARN_UNUSED_FUNCTION = YES;
				GCC_WARN_UNUSED_VARIABLE = YES;
				IPHONEOS_DEPLOYMENT_TARGET = 15.0;
				MTL_ENABLE_DEBUG_INFO = NO;
				MTL_FAST_MATH = YES;
				SDKROOT = iphoneos;
				SWIFT_COMPILATION_MODE = wholemodule;
				SWIFT_OPTIMIZATION_LEVEL = "-O";
				VALIDATE_PRODUCT = YES;
			};
			name = Release;
		};
		411F6515275D9AF4002AFF9F /* Debug */ = {
			isa = XCBuildConfiguration;
			baseConfigurationReference = D729CD3B7CD44ED95F0A782B /* Pods-Applemango_App.debug.xcconfig */;
			buildSettings = {
				ASSETCATALOG_COMPILER_APPICON_NAME = AppIcon;
				ASSETCATALOG_COMPILER_GLOBAL_ACCENT_COLOR_NAME = AccentColor;
				CODE_SIGN_STYLE = Automatic;
				CURRENT_PROJECT_VERSION = 1;
				DEVELOPMENT_TEAM = C23Z6FC8YS;
				GENERATE_INFOPLIST_FILE = YES;
				INFOPLIST_FILE = Applemango_App/Info.plist;
				INFOPLIST_KEY_UIApplicationSupportsIndirectInputEvents = YES;
				INFOPLIST_KEY_UILaunchStoryboardName = LaunchScreen;
				INFOPLIST_KEY_UIMainStoryboardFile = Main;
				INFOPLIST_KEY_UISupportedInterfaceOrientations_iPad = "UIInterfaceOrientationPortrait UIInterfaceOrientationPortraitUpsideDown UIInterfaceOrientationLandscapeLeft UIInterfaceOrientationLandscapeRight";
				INFOPLIST_KEY_UISupportedInterfaceOrientations_iPhone = "UIInterfaceOrientationPortrait UIInterfaceOrientationLandscapeLeft UIInterfaceOrientationLandscapeRight";
				LD_RUNPATH_SEARCH_PATHS = (
					"$(inherited)",
					"@executable_path/Frameworks",
				);
				MARKETING_VERSION = 1.0;
				PRODUCT_BUNDLE_IDENTIFIER = com.yourcompany.Applemango_App;
				PRODUCT_NAME = "$(TARGET_NAME)";
				SWIFT_EMIT_LOC_STRINGS = YES;
				SWIFT_VERSION = 5.0;
				TARGETED_DEVICE_FAMILY = "1,2";
			};
			name = Debug;
		};
		411F6516275D9AF4002AFF9F /* Release */ = {
			isa = XCBuildConfiguration;
			baseConfigurationReference = 124783A173BCFA4D19A64F19 /* Pods-Applemango_App.release.xcconfig */;
			buildSettings = {
				ASSETCATALOG_COMPILER_APPICON_NAME = AppIcon;
				ASSETCATALOG_COMPILER_GLOBAL_ACCENT_COLOR_NAME = AccentColor;
				CODE_SIGN_STYLE = Automatic;
				CURRENT_PROJECT_VERSION = 1;
				DEVELOPMENT_TEAM = C23Z6FC8YS;
				GENERATE_INFOPLIST_FILE = YES;
				INFOPLIST_FILE = Applemango_App/Info.plist;
				INFOPLIST_KEY_UIApplicationSupportsIndirectInputEvents = YES;
				INFOPLIST_KEY_UILaunchStoryboardName = LaunchScreen;
				INFOPLIST_KEY_UIMainStoryboardFile = Main;
				INFOPLIST_KEY_UISupportedInterfaceOrientations_iPad = "UIInterfaceOrientationPortrait UIInterfaceOrientationPortraitUpsideDown UIInterfaceOrientationLandscapeLeft UIInterfaceOrientationLandscapeRight";
				INFOPLIST_KEY_UISupportedInterfaceOrientations_iPhone = "UIInterfaceOrientationPortrait UIInterfaceOrientationLandscapeLeft UIInterfaceOrientationLandscapeRight";
				LD_RUNPATH_SEARCH_PATHS = (
					"$(inherited)",
					"@executable_path/Frameworks",
				);
				MARKETING_VERSION = 1.0;
				PRODUCT_BUNDLE_IDENTIFIER = com.yourcompany.Applemango_App;
				PRODUCT_NAME = "$(TARGET_NAME)";
				SWIFT_EMIT_LOC_STRINGS = YES;
				SWIFT_VERSION = 5.0;
				TARGETED_DEVICE_FAMILY = "1,2";
			};
			name = Release;
		};
/* End XCBuildConfiguration section */

/* Begin XCConfigurationList section */
		411F64FB275D9AF2002AFF9F /* Build configuration list for PBXProject "Applemango_App" */ = {
			isa = XCConfigurationList;
			buildConfigurations = (
				411F6512275D9AF4002AFF9F /* Debug */,
				411F6513275D9AF4002AFF9F /* Release */,
			);
			defaultConfigurationIsVisible = 0;
			defaultConfigurationName = Release;
		};
		411F6514275D9AF4002AFF9F /* Build configuration list for PBXNativeTarget "Applemango_App" */ = {
			isa = XCConfigurationList;
			buildConfigurations = (
				411F6515275D9AF4002AFF9F /* Debug */,
				411F6516275D9AF4002AFF9F /* Release */,
			);
			defaultConfigurationIsVisible = 0;
			defaultConfigurationName = Release;
		};
/* End XCConfigurationList section */
	};
	rootObject = 411F64F8275D9AF2002AFF9F /* Project object */;
}
